
Microsoft Visual Studio Solution File, Format Version 12.00
# Visual Studio 15
VisualStudioVersion = 15.0.27130.2036
MinimumVisualStudioVersion = 10.0.40219.1
Project("{FAE04EC0-301F-11D3-BF4B-00C04F79EFBC}") = "BuildCryptoCompare", "BuildCryptoCompare\BuildCryptoCompare.csproj", "{D44EEC87-44E8-41A9-B04C-EBED42DED64A}"
EndProject
Project("{FAE04EC0-301F-11D3-BF4B-00C04F79EFBC}") = "CryptoCompare", "CryptoCompare\CryptoCompare.csproj", "{3B711B9B-17C9-4076-95E3-E3C2297EE2D5}"
EndProject
Project("{FAE04EC0-301F-11D3-BF4B-00C04F79EFBC}") = "CryptoCompareApp.Android", "CryptoCompareApp\CryptoCompareApp.Android\CryptoCompareApp.Android.csproj", "{06155B83-5D66-4C8F-BAE5-FDF511142747}"
EndProject
Project("{FAE04EC0-301F-11D3-BF4B-00C04F79EFBC}") = "CryptoCompareApp.iOS", "CryptoCompareApp\CryptoCompareApp.iOS\CryptoCompareApp.iOS.csproj", "{885AB381-2577-41B3-AE06-38BE5CF0B1E0}"
EndProject
Project("{FAE04EC0-301F-11D3-BF4B-00C04F79EFBC}") = "CryptoCompareApp.UWP", "CryptoCompareApp\CryptoCompareApp.UWP\CryptoCompareApp.UWP.csproj", "{88171B38-20F5-41DF-A8A5-B0284D9B4866}"
EndProject
Project("{FAE04EC0-301F-11D3-BF4B-00C04F79EFBC}") = "CryptoCompareApp", "CryptoCompareApp\CryptoCompareApp\CryptoCompareApp.csproj", "{817AF0E7-3E24-48E3-ACB3-79FDD2F86036}"
EndProject
Project("{9A19103F-16F7-4668-BE54-9A1E7A4F7556}") = "CryptoCompareLib", "CryptoCompare\CryptoCompareLib.csproj", "{3CAC7C64-D370-4F58-BCBC-47BA4A0168BD}"
EndProject
Global
	GlobalSection(SolutionConfigurationPlatforms) = preSolution
		Ad-Hoc|Any CPU = Ad-Hoc|Any CPU
		Ad-Hoc|ARM = Ad-Hoc|ARM
		Ad-Hoc|iPhone = Ad-Hoc|iPhone
		Ad-Hoc|iPhoneSimulator = Ad-Hoc|iPhoneSimulator
		Ad-Hoc|x64 = Ad-Hoc|x64
		Ad-Hoc|x86 = Ad-Hoc|x86
		AppStore|Any CPU = AppStore|Any CPU
		AppStore|ARM = AppStore|ARM
		AppStore|iPhone = AppStore|iPhone
		AppStore|iPhoneSimulator = AppStore|iPhoneSimulator
		AppStore|x64 = AppStore|x64
		AppStore|x86 = AppStore|x86
		Debug|Any CPU = Debug|Any CPU
		Debug|ARM = Debug|ARM
		Debug|iPhone = Debug|iPhone
		Debug|iPhoneSimulator = Debug|iPhoneSimulator
		Debug|x64 = Debug|x64
		Debug|x86 = Debug|x86
		Release|Any CPU = Release|Any CPU
		Release|ARM = Release|ARM
		Release|iPhone = Release|iPhone
		Release|iPhoneSimulator = Release|iPhoneSimulator
		Release|x64 = Release|x64
		Release|x86 = Release|x86
	EndGlobalSection
	GlobalSection(ProjectConfigurationPlatforms) = postSolution
		{D44EEC87-44E8-41A9-B04C-EBED42DED64A}.Ad-Hoc|Any CPU.ActiveCfg = Release|Any CPU
		{D44EEC87-44E8-41A9-B04C-EBED42DED64A}.Ad-Hoc|Any CPU.Build.0 = Release|Any CPU
		{D44EEC87-44E8-41A9-B04C-EBED42DED64A}.Ad-Hoc|ARM.ActiveCfg = Release|Any CPU
		{D44EEC87-44E8-41A9-B04C-EBED42DED64A}.Ad-Hoc|ARM.Build.0 = Release|Any CPU
		{D44EEC87-44E8-41A9-B04C-EBED42DED64A}.Ad-Hoc|iPhone.ActiveCfg = Release|Any CPU
		{D44EEC87-44E8-41A9-B04C-EBED42DED64A}.Ad-Hoc|iPhone.Build.0 = Release|Any CPU
		{D44EEC87-44E8-41A9-B04C-EBED42DED64A}.Ad-Hoc|iPhoneSimulator.ActiveCfg = Release|Any CPU
		{D44EEC87-44E8-41A9-B04C-EBED42DED64A}.Ad-Hoc|iPhoneSimulator.Build.0 = Release|Any CPU
		{D44EEC87-44E8-41A9-B04C-EBED42DED64A}.Ad-Hoc|x64.ActiveCfg = Release|Any CPU
		{D44EEC87-44E8-41A9-B04C-EBED42DED64A}.Ad-Hoc|x64.Build.0 = Release|Any CPU
		{D44EEC87-44E8-41A9-B04C-EBED42DED64A}.Ad-Hoc|x86.ActiveCfg = Release|Any CPU
		{D44EEC87-44E8-41A9-B04C-EBED42DED64A}.Ad-Hoc|x86.Build.0 = Release|Any CPU
		{D44EEC87-44E8-41A9-B04C-EBED42DED64A}.AppStore|Any CPU.ActiveCfg = Release|Any CPU
		{D44EEC87-44E8-41A9-B04C-EBED42DED64A}.AppStore|Any CPU.Build.0 = Release|Any CPU
		{D44EEC87-44E8-41A9-B04C-EBED42DED64A}.AppStore|ARM.ActiveCfg = Release|Any CPU
		{D44EEC87-44E8-41A9-B04C-EBED42DED64A}.AppStore|ARM.Build.0 = Release|Any CPU
		{D44EEC87-44E8-41A9-B04C-EBED42DED64A}.AppStore|iPhone.ActiveCfg = Release|Any CPU
		{D44EEC87-44E8-41A9-B04C-EBED42DED64A}.AppStore|iPhone.Build.0 = Release|Any CPU
		{D44EEC87-44E8-41A9-B04C-EBED42DED64A}.AppStore|iPhoneSimulator.ActiveCfg = Release|Any CPU
		{D44EEC87-44E8-41A9-B04C-EBED42DED64A}.AppStore|iPhoneSimulator.Build.0 = Release|Any CPU
		{D44EEC87-44E8-41A9-B04C-EBED42DED64A}.AppStore|x64.ActiveCfg = Release|Any CPU
		{D44EEC87-44E8-41A9-B04C-EBED42DED64A}.AppStore|x64.Build.0 = Release|Any CPU
		{D44EEC87-44E8-41A9-B04C-EBED42DED64A}.AppStore|x86.ActiveCfg = Release|Any CPU
		{D44EEC87-44E8-41A9-B04C-EBED42DED64A}.AppStore|x86.Build.0 = Release|Any CPU
		{D44EEC87-44E8-41A9-B04C-EBED42DED64A}.Debug|Any CPU.ActiveCfg = Debug|Any CPU
		{D44EEC87-44E8-41A9-B04C-EBED42DED64A}.Debug|Any CPU.Build.0 = Debug|Any CPU
		{D44EEC87-44E8-41A9-B04C-EBED42DED64A}.Debug|ARM.ActiveCfg = Debug|Any CPU
		{D44EEC87-44E8-41A9-B04C-EBED42DED64A}.Debug|ARM.Build.0 = Debug|Any CPU
		{D44EEC87-44E8-41A9-B04C-EBED42DED64A}.Debug|iPhone.ActiveCfg = Debug|Any CPU
		{D44EEC87-44E8-41A9-B04C-EBED42DED64A}.Debug|iPhone.Build.0 = Debug|Any CPU
		{D44EEC87-44E8-41A9-B04C-EBED42DED64A}.Debug|iPhoneSimulator.ActiveCfg = Debug|Any CPU
		{D44EEC87-44E8-41A9-B04C-EBED42DED64A}.Debug|iPhoneSimulator.Build.0 = Debug|Any CPU
		{D44EEC87-44E8-41A9-B04C-EBED42DED64A}.Debug|x64.ActiveCfg = Debug|Any CPU
		{D44EEC87-44E8-41A9-B04C-EBED42DED64A}.Debug|x64.Build.0 = Debug|Any CPU
		{D44EEC87-44E8-41A9-B04C-EBED42DED64A}.Debug|x86.ActiveCfg = Debug|Any CPU
		{D44EEC87-44E8-41A9-B04C-EBED42DED64A}.Debug|x86.Build.0 = Debug|Any CPU
		{D44EEC87-44E8-41A9-B04C-EBED42DED64A}.Release|Any CPU.ActiveCfg = Release|Any CPU
		{D44EEC87-44E8-41A9-B04C-EBED42DED64A}.Release|Any CPU.Build.0 = Release|Any CPU
		{D44EEC87-44E8-41A9-B04C-EBED42DED64A}.Release|ARM.ActiveCfg = Release|Any CPU
		{D44EEC87-44E8-41A9-B04C-EBED42DED64A}.Release|ARM.Build.0 = Release|Any CPU
		{D44EEC87-44E8-41A9-B04C-EBED42DED64A}.Release|iPhone.ActiveCfg = Release|Any CPU
		{D44EEC87-44E8-41A9-B04C-EBED42DED64A}.Release|iPhone.Build.0 = Release|Any CPU
		{D44EEC87-44E8-41A9-B04C-EBED42DED64A}.Release|iPhoneSimulator.ActiveCfg = Release|Any CPU
		{D44EEC87-44E8-41A9-B04C-EBED42DED64A}.Release|iPhoneSimulator.Build.0 = Release|Any CPU
		{D44EEC87-44E8-41A9-B04C-EBED42DED64A}.Release|x64.ActiveCfg = Release|Any CPU
		{D44EEC87-44E8-41A9-B04C-EBED42DED64A}.Release|x64.Build.0 = Release|Any CPU
		{D44EEC87-44E8-41A9-B04C-EBED42DED64A}.Release|x86.ActiveCfg = Release|Any CPU
		{D44EEC87-44E8-41A9-B04C-EBED42DED64A}.Release|x86.Build.0 = Release|Any CPU
		{3B711B9B-17C9-4076-95E3-E3C2297EE2D5}.Ad-Hoc|Any CPU.ActiveCfg = Release|Any CPU
		{3B711B9B-17C9-4076-95E3-E3C2297EE2D5}.Ad-Hoc|Any CPU.Build.0 = Release|Any CPU
		{3B711B9B-17C9-4076-95E3-E3C2297EE2D5}.Ad-Hoc|ARM.ActiveCfg = Release|Any CPU
		{3B711B9B-17C9-4076-95E3-E3C2297EE2D5}.Ad-Hoc|ARM.Build.0 = Release|Any CPU
		{3B711B9B-17C9-4076-95E3-E3C2297EE2D5}.Ad-Hoc|iPhone.ActiveCfg = Release|Any CPU
		{3B711B9B-17C9-4076-95E3-E3C2297EE2D5}.Ad-Hoc|iPhone.Build.0 = Release|Any CPU
		{3B711B9B-17C9-4076-95E3-E3C2297EE2D5}.Ad-Hoc|iPhoneSimulator.ActiveCfg = Release|Any CPU
		{3B711B9B-17C9-4076-95E3-E3C2297EE2D5}.Ad-Hoc|iPhoneSimulator.Build.0 = Release|Any CPU
		{3B711B9B-17C9-4076-95E3-E3C2297EE2D5}.Ad-Hoc|x64.ActiveCfg = Release|Any CPU
		{3B711B9B-17C9-4076-95E3-E3C2297EE2D5}.Ad-Hoc|x64.Build.0 = Release|Any CPU
		{3B711B9B-17C9-4076-95E3-E3C2297EE2D5}.Ad-Hoc|x86.ActiveCfg = Release|Any CPU
		{3B711B9B-17C9-4076-95E3-E3C2297EE2D5}.Ad-Hoc|x86.Build.0 = Release|Any CPU
		{3B711B9B-17C9-4076-95E3-E3C2297EE2D5}.AppStore|Any CPU.ActiveCfg = Release|Any CPU
		{3B711B9B-17C9-4076-95E3-E3C2297EE2D5}.AppStore|Any CPU.Build.0 = Release|Any CPU
		{3B711B9B-17C9-4076-95E3-E3C2297EE2D5}.AppStore|ARM.ActiveCfg = Release|Any CPU
		{3B711B9B-17C9-4076-95E3-E3C2297EE2D5}.AppStore|ARM.Build.0 = Release|Any CPU
		{3B711B9B-17C9-4076-95E3-E3C2297EE2D5}.AppStore|iPhone.ActiveCfg = Release|Any CPU
		{3B711B9B-17C9-4076-95E3-E3C2297EE2D5}.AppStore|iPhone.Build.0 = Release|Any CPU
		{3B711B9B-17C9-4076-95E3-E3C2297EE2D5}.AppStore|iPhoneSimulator.ActiveCfg = Release|Any CPU
		{3B711B9B-17C9-4076-95E3-E3C2297EE2D5}.AppStore|iPhoneSimulator.Build.0 = Release|Any CPU
		{3B711B9B-17C9-4076-95E3-E3C2297EE2D5}.AppStore|x64.ActiveCfg = Release|Any CPU
		{3B711B9B-17C9-4076-95E3-E3C2297EE2D5}.AppStore|x64.Build.0 = Release|Any CPU
		{3B711B9B-17C9-4076-95E3-E3C2297EE2D5}.AppStore|x86.ActiveCfg = Release|Any CPU
		{3B711B9B-17C9-4076-95E3-E3C2297EE2D5}.AppStore|x86.Build.0 = Release|Any CPU
		{3B711B9B-17C9-4076-95E3-E3C2297EE2D5}.Debug|Any CPU.ActiveCfg = Debug|Any CPU
		{3B711B9B-17C9-4076-95E3-E3C2297EE2D5}.Debug|Any CPU.Build.0 = Debug|Any CPU
		{3B711B9B-17C9-4076-95E3-E3C2297EE2D5}.Debug|ARM.ActiveCfg = Debug|Any CPU
		{3B711B9B-17C9-4076-95E3-E3C2297EE2D5}.Debug|ARM.Build.0 = Debug|Any CPU
		{3B711B9B-17C9-4076-95E3-E3C2297EE2D5}.Debug|iPhone.ActiveCfg = Debug|Any CPU
		{3B711B9B-17C9-4076-95E3-E3C2297EE2D5}.Debug|iPhone.Build.0 = Debug|Any CPU
		{3B711B9B-17C9-4076-95E3-E3C2297EE2D5}.Debug|iPhoneSimulator.ActiveCfg = Debug|Any CPU
		{3B711B9B-17C9-4076-95E3-E3C2297EE2D5}.Debug|iPhoneSimulator.Build.0 = Debug|Any CPU
		{3B711B9B-17C9-4076-95E3-E3C2297EE2D5}.Debug|x64.ActiveCfg = Debug|Any CPU
		{3B711B9B-17C9-4076-95E3-E3C2297EE2D5}.Debug|x64.Build.0 = Debug|Any CPU
		{3B711B9B-17C9-4076-95E3-E3C2297EE2D5}.Debug|x86.ActiveCfg = Debug|Any CPU
		{3B711B9B-17C9-4076-95E3-E3C2297EE2D5}.Debug|x86.Build.0 = Debug|Any CPU
		{3B711B9B-17C9-4076-95E3-E3C2297EE2D5}.Release|Any CPU.ActiveCfg = Release|Any CPU
		{3B711B9B-17C9-4076-95E3-E3C2297EE2D5}.Release|Any CPU.Build.0 = Release|Any CPU
		{3B711B9B-17C9-4076-95E3-E3C2297EE2D5}.Release|ARM.ActiveCfg = Release|Any CPU
		{3B711B9B-17C9-4076-95E3-E3C2297EE2D5}.Release|ARM.Build.0 = Release|Any CPU
		{3B711B9B-17C9-4076-95E3-E3C2297EE2D5}.Release|iPhone.ActiveCfg = Release|Any CPU
		{3B711B9B-17C9-4076-95E3-E3C2297EE2D5}.Release|iPhone.Build.0 = Release|Any CPU
		{3B711B9B-17C9-4076-95E3-E3C2297EE2D5}.Release|iPhoneSimulator.ActiveCfg = Release|Any CPU
		{3B711B9B-17C9-4076-95E3-E3C2297EE2D5}.Release|iPhoneSimulator.Build.0 = Release|Any CPU
		{3B711B9B-17C9-4076-95E3-E3C2297EE2D5}.Release|x64.ActiveCfg = Release|Any CPU
		{3B711B9B-17C9-4076-95E3-E3C2297EE2D5}.Release|x64.Build.0 = Release|Any CPU
		{3B711B9B-17C9-4076-95E3-E3C2297EE2D5}.Release|x86.ActiveCfg = Release|Any CPU
		{3B711B9B-17C9-4076-95E3-E3C2297EE2D5}.Release|x86.Build.0 = Release|Any CPU
		{06155B83-5D66-4C8F-BAE5-FDF511142747}.Ad-Hoc|Any CPU.ActiveCfg = Release|Any CPU
		{06155B83-5D66-4C8F-BAE5-FDF511142747}.Ad-Hoc|Any CPU.Build.0 = Release|Any CPU
		{06155B83-5D66-4C8F-BAE5-FDF511142747}.Ad-Hoc|Any CPU.Deploy.0 = Release|Any CPU
		{06155B83-5D66-4C8F-BAE5-FDF511142747}.Ad-Hoc|ARM.ActiveCfg = Release|Any CPU
		{06155B83-5D66-4C8F-BAE5-FDF511142747}.Ad-Hoc|ARM.Build.0 = Release|Any CPU
		{06155B83-5D66-4C8F-BAE5-FDF511142747}.Ad-Hoc|ARM.Deploy.0 = Release|Any CPU
		{06155B83-5D66-4C8F-BAE5-FDF511142747}.Ad-Hoc|iPhone.ActiveCfg = Release|Any CPU
		{06155B83-5D66-4C8F-BAE5-FDF511142747}.Ad-Hoc|iPhone.Build.0 = Release|Any CPU
		{06155B83-5D66-4C8F-BAE5-FDF511142747}.Ad-Hoc|iPhone.Deploy.0 = Release|Any CPU
		{06155B83-5D66-4C8F-BAE5-FDF511142747}.Ad-Hoc|iPhoneSimulator.ActiveCfg = Release|Any CPU
		{06155B83-5D66-4C8F-BAE5-FDF511142747}.Ad-Hoc|iPhoneSimulator.Build.0 = Release|Any CPU
		{06155B83-5D66-4C8F-BAE5-FDF511142747}.Ad-Hoc|iPhoneSimulator.Deploy.0 = Release|Any CPU
		{06155B83-5D66-4C8F-BAE5-FDF511142747}.Ad-Hoc|x64.ActiveCfg = Release|Any CPU
		{06155B83-5D66-4C8F-BAE5-FDF511142747}.Ad-Hoc|x64.Build.0 = Release|Any CPU
		{06155B83-5D66-4C8F-BAE5-FDF511142747}.Ad-Hoc|x64.Deploy.0 = Release|Any CPU
		{06155B83-5D66-4C8F-BAE5-FDF511142747}.Ad-Hoc|x86.ActiveCfg = Release|Any CPU
		{06155B83-5D66-4C8F-BAE5-FDF511142747}.Ad-Hoc|x86.Build.0 = Release|Any CPU
		{06155B83-5D66-4C8F-BAE5-FDF511142747}.Ad-Hoc|x86.Deploy.0 = Release|Any CPU
		{06155B83-5D66-4C8F-BAE5-FDF511142747}.AppStore|Any CPU.ActiveCfg = Release|Any CPU
		{06155B83-5D66-4C8F-BAE5-FDF511142747}.AppStore|Any CPU.Build.0 = Release|Any CPU
		{06155B83-5D66-4C8F-BAE5-FDF511142747}.AppStore|Any CPU.Deploy.0 = Release|Any CPU
		{06155B83-5D66-4C8F-BAE5-FDF511142747}.AppStore|ARM.ActiveCfg = Release|Any CPU
		{06155B83-5D66-4C8F-BAE5-FDF511142747}.AppStore|ARM.Build.0 = Release|Any CPU
		{06155B83-5D66-4C8F-BAE5-FDF511142747}.AppStore|ARM.Deploy.0 = Release|Any CPU
		{06155B83-5D66-4C8F-BAE5-FDF511142747}.AppStore|iPhone.ActiveCfg = Release|Any CPU
		{06155B83-5D66-4C8F-BAE5-FDF511142747}.AppStore|iPhone.Build.0 = Release|Any CPU
		{06155B83-5D66-4C8F-BAE5-FDF511142747}.AppStore|iPhone.Deploy.0 = Release|Any CPU
		{06155B83-5D66-4C8F-BAE5-FDF511142747}.AppStore|iPhoneSimulator.ActiveCfg = Release|Any CPU
		{06155B83-5D66-4C8F-BAE5-FDF511142747}.AppStore|iPhoneSimulator.Build.0 = Release|Any CPU
		{06155B83-5D66-4C8F-BAE5-FDF511142747}.AppStore|iPhoneSimulator.Deploy.0 = Release|Any CPU
		{06155B83-5D66-4C8F-BAE5-FDF511142747}.AppStore|x64.ActiveCfg = Release|Any CPU
		{06155B83-5D66-4C8F-BAE5-FDF511142747}.AppStore|x64.Build.0 = Release|Any CPU
		{06155B83-5D66-4C8F-BAE5-FDF511142747}.AppStore|x64.Deploy.0 = Release|Any CPU
		{06155B83-5D66-4C8F-BAE5-FDF511142747}.AppStore|x86.ActiveCfg = Release|Any CPU
		{06155B83-5D66-4C8F-BAE5-FDF511142747}.AppStore|x86.Build.0 = Release|Any CPU
		{06155B83-5D66-4C8F-BAE5-FDF511142747}.AppStore|x86.Deploy.0 = Release|Any CPU
		{06155B83-5D66-4C8F-BAE5-FDF511142747}.Debug|Any CPU.ActiveCfg = Debug|Any CPU
		{06155B83-5D66-4C8F-BAE5-FDF511142747}.Debug|Any CPU.Build.0 = Debug|Any CPU
		{06155B83-5D66-4C8F-BAE5-FDF511142747}.Debug|Any CPU.Deploy.0 = Debug|Any CPU
		{06155B83-5D66-4C8F-BAE5-FDF511142747}.Debug|ARM.ActiveCfg = Debug|Any CPU
		{06155B83-5D66-4C8F-BAE5-FDF511142747}.Debug|ARM.Build.0 = Debug|Any CPU
		{06155B83-5D66-4C8F-BAE5-FDF511142747}.Debug|ARM.Deploy.0 = Debug|Any CPU
		{06155B83-5D66-4C8F-BAE5-FDF511142747}.Debug|iPhone.ActiveCfg = Debug|Any CPU
		{06155B83-5D66-4C8F-BAE5-FDF511142747}.Debug|iPhone.Build.0 = Debug|Any CPU
		{06155B83-5D66-4C8F-BAE5-FDF511142747}.Debug|iPhone.Deploy.0 = Debug|Any CPU
		{06155B83-5D66-4C8F-BAE5-FDF511142747}.Debug|iPhoneSimulator.ActiveCfg = Debug|Any CPU
		{06155B83-5D66-4C8F-BAE5-FDF511142747}.Debug|iPhoneSimulator.Build.0 = Debug|Any CPU
		{06155B83-5D66-4C8F-BAE5-FDF511142747}.Debug|iPhoneSimulator.Deploy.0 = Debug|Any CPU
		{06155B83-5D66-4C8F-BAE5-FDF511142747}.Debug|x64.ActiveCfg = Debug|Any CPU
		{06155B83-5D66-4C8F-BAE5-FDF511142747}.Debug|x64.Build.0 = Debug|Any CPU
		{06155B83-5D66-4C8F-BAE5-FDF511142747}.Debug|x64.Deploy.0 = Debug|Any CPU
		{06155B83-5D66-4C8F-BAE5-FDF511142747}.Debug|x86.ActiveCfg = Debug|Any CPU
		{06155B83-5D66-4C8F-BAE5-FDF511142747}.Debug|x86.Build.0 = Debug|Any CPU
		{06155B83-5D66-4C8F-BAE5-FDF511142747}.Debug|x86.Deploy.0 = Debug|Any CPU
		{06155B83-5D66-4C8F-BAE5-FDF511142747}.Release|Any CPU.ActiveCfg = Release|Any CPU
		{06155B83-5D66-4C8F-BAE5-FDF511142747}.Release|Any CPU.Build.0 = Release|Any CPU
		{06155B83-5D66-4C8F-BAE5-FDF511142747}.Release|Any CPU.Deploy.0 = Release|Any CPU
		{06155B83-5D66-4C8F-BAE5-FDF511142747}.Release|ARM.ActiveCfg = Release|Any CPU
		{06155B83-5D66-4C8F-BAE5-FDF511142747}.Release|ARM.Build.0 = Release|Any CPU
		{06155B83-5D66-4C8F-BAE5-FDF511142747}.Release|ARM.Deploy.0 = Release|Any CPU
		{06155B83-5D66-4C8F-BAE5-FDF511142747}.Release|iPhone.ActiveCfg = Release|Any CPU
		{06155B83-5D66-4C8F-BAE5-FDF511142747}.Release|iPhone.Build.0 = Release|Any CPU
		{06155B83-5D66-4C8F-BAE5-FDF511142747}.Release|iPhone.Deploy.0 = Release|Any CPU
		{06155B83-5D66-4C8F-BAE5-FDF511142747}.Release|iPhoneSimulator.ActiveCfg = Release|Any CPU
		{06155B83-5D66-4C8F-BAE5-FDF511142747}.Release|iPhoneSimulator.Build.0 = Release|Any CPU
		{06155B83-5D66-4C8F-BAE5-FDF511142747}.Release|iPhoneSimulator.Deploy.0 = Release|Any CPU
		{06155B83-5D66-4C8F-BAE5-FDF511142747}.Release|x64.ActiveCfg = Release|Any CPU
		{06155B83-5D66-4C8F-BAE5-FDF511142747}.Release|x64.Build.0 = Release|Any CPU
		{06155B83-5D66-4C8F-BAE5-FDF511142747}.Release|x64.Deploy.0 = Release|Any CPU
		{06155B83-5D66-4C8F-BAE5-FDF511142747}.Release|x86.ActiveCfg = Release|Any CPU
		{06155B83-5D66-4C8F-BAE5-FDF511142747}.Release|x86.Build.0 = Release|Any CPU
		{06155B83-5D66-4C8F-BAE5-FDF511142747}.Release|x86.Deploy.0 = Release|Any CPU
		{885AB381-2577-41B3-AE06-38BE5CF0B1E0}.Ad-Hoc|Any CPU.ActiveCfg = Ad-Hoc|iPhone
		{885AB381-2577-41B3-AE06-38BE5CF0B1E0}.Ad-Hoc|ARM.ActiveCfg = Ad-Hoc|iPhone
		{885AB381-2577-41B3-AE06-38BE5CF0B1E0}.Ad-Hoc|iPhone.ActiveCfg = Ad-Hoc|iPhone
		{885AB381-2577-41B3-AE06-38BE5CF0B1E0}.Ad-Hoc|iPhone.Build.0 = Ad-Hoc|iPhone
		{885AB381-2577-41B3-AE06-38BE5CF0B1E0}.Ad-Hoc|iPhoneSimulator.ActiveCfg = Ad-Hoc|iPhoneSimulator
		{885AB381-2577-41B3-AE06-38BE5CF0B1E0}.Ad-Hoc|iPhoneSimulator.Build.0 = Ad-Hoc|iPhoneSimulator
		{885AB381-2577-41B3-AE06-38BE5CF0B1E0}.Ad-Hoc|x64.ActiveCfg = Ad-Hoc|iPhone
		{885AB381-2577-41B3-AE06-38BE5CF0B1E0}.Ad-Hoc|x86.ActiveCfg = Ad-Hoc|iPhone
		{885AB381-2577-41B3-AE06-38BE5CF0B1E0}.AppStore|Any CPU.ActiveCfg = AppStore|iPhone
		{885AB381-2577-41B3-AE06-38BE5CF0B1E0}.AppStore|ARM.ActiveCfg = AppStore|iPhone
		{885AB381-2577-41B3-AE06-38BE5CF0B1E0}.AppStore|iPhone.ActiveCfg = AppStore|iPhone
		{885AB381-2577-41B3-AE06-38BE5CF0B1E0}.AppStore|iPhone.Build.0 = AppStore|iPhone
		{885AB381-2577-41B3-AE06-38BE5CF0B1E0}.AppStore|iPhoneSimulator.ActiveCfg = AppStore|iPhoneSimulator
		{885AB381-2577-41B3-AE06-38BE5CF0B1E0}.AppStore|iPhoneSimulator.Build.0 = AppStore|iPhoneSimulator
		{885AB381-2577-41B3-AE06-38BE5CF0B1E0}.AppStore|x64.ActiveCfg = AppStore|iPhone
		{885AB381-2577-41B3-AE06-38BE5CF0B1E0}.AppStore|x86.ActiveCfg = AppStore|iPhone
		{885AB381-2577-41B3-AE06-38BE5CF0B1E0}.Debug|Any CPU.ActiveCfg = Debug|iPhone
		{885AB381-2577-41B3-AE06-38BE5CF0B1E0}.Debug|ARM.ActiveCfg = Debug|iPhone
		{885AB381-2577-41B3-AE06-38BE5CF0B1E0}.Debug|iPhone.ActiveCfg = Debug|iPhone
		{885AB381-2577-41B3-AE06-38BE5CF0B1E0}.Debug|iPhone.Build.0 = Debug|iPhone
		{885AB381-2577-41B3-AE06-38BE5CF0B1E0}.Debug|iPhoneSimulator.ActiveCfg = Debug|iPhoneSimulator
		{885AB381-2577-41B3-AE06-38BE5CF0B1E0}.Debug|iPhoneSimulator.Build.0 = Debug|iPhoneSimulator
		{885AB381-2577-41B3-AE06-38BE5CF0B1E0}.Debug|x64.ActiveCfg = Debug|iPhone
		{885AB381-2577-41B3-AE06-38BE5CF0B1E0}.Debug|x86.ActiveCfg = Debug|iPhone
		{885AB381-2577-41B3-AE06-38BE5CF0B1E0}.Release|Any CPU.ActiveCfg = Release|iPhone
		{885AB381-2577-41B3-AE06-38BE5CF0B1E0}.Release|ARM.ActiveCfg = Release|iPhone
		{885AB381-2577-41B3-AE06-38BE5CF0B1E0}.Release|iPhone.ActiveCfg = Release|iPhone
		{885AB381-2577-41B3-AE06-38BE5CF0B1E0}.Release|iPhone.Build.0 = Release|iPhone
		{885AB381-2577-41B3-AE06-38BE5CF0B1E0}.Release|iPhoneSimulator.ActiveCfg = Release|iPhoneSimulator
		{885AB381-2577-41B3-AE06-38BE5CF0B1E0}.Release|iPhoneSimulator.Build.0 = Release|iPhoneSimulator
		{885AB381-2577-41B3-AE06-38BE5CF0B1E0}.Release|x64.ActiveCfg = Release|iPhone
		{885AB381-2577-41B3-AE06-38BE5CF0B1E0}.Release|x86.ActiveCfg = Release|iPhone
		{88171B38-20F5-41DF-A8A5-B0284D9B4866}.Ad-Hoc|Any CPU.ActiveCfg = Release|x86
		{88171B38-20F5-41DF-A8A5-B0284D9B4866}.Ad-Hoc|Any CPU.Build.0 = Release|x86
		{88171B38-20F5-41DF-A8A5-B0284D9B4866}.Ad-Hoc|Any CPU.Deploy.0 = Release|x86
		{88171B38-20F5-41DF-A8A5-B0284D9B4866}.Ad-Hoc|ARM.ActiveCfg = Release|ARM
		{88171B38-20F5-41DF-A8A5-B0284D9B4866}.Ad-Hoc|ARM.Build.0 = Release|ARM
		{88171B38-20F5-41DF-A8A5-B0284D9B4866}.Ad-Hoc|ARM.Deploy.0 = Release|ARM
		{88171B38-20F5-41DF-A8A5-B0284D9B4866}.Ad-Hoc|iPhone.ActiveCfg = Release|x86
		{88171B38-20F5-41DF-A8A5-B0284D9B4866}.Ad-Hoc|iPhone.Build.0 = Release|x86
		{88171B38-20F5-41DF-A8A5-B0284D9B4866}.Ad-Hoc|iPhone.Deploy.0 = Release|x86
		{88171B38-20F5-41DF-A8A5-B0284D9B4866}.Ad-Hoc|iPhoneSimulator.ActiveCfg = Release|x86
		{88171B38-20F5-41DF-A8A5-B0284D9B4866}.Ad-Hoc|iPhoneSimulator.Build.0 = Release|x86
		{88171B38-20F5-41DF-A8A5-B0284D9B4866}.Ad-Hoc|iPhoneSimulator.Deploy.0 = Release|x86
		{88171B38-20F5-41DF-A8A5-B0284D9B4866}.Ad-Hoc|x64.ActiveCfg = Release|x64
		{88171B38-20F5-41DF-A8A5-B0284D9B4866}.Ad-Hoc|x64.Build.0 = Release|x64
		{88171B38-20F5-41DF-A8A5-B0284D9B4866}.Ad-Hoc|x64.Deploy.0 = Release|x64
		{88171B38-20F5-41DF-A8A5-B0284D9B4866}.Ad-Hoc|x86.ActiveCfg = Release|x86
		{88171B38-20F5-41DF-A8A5-B0284D9B4866}.Ad-Hoc|x86.Build.0 = Release|x86
		{88171B38-20F5-41DF-A8A5-B0284D9B4866}.Ad-Hoc|x86.Deploy.0 = Release|x86
		{88171B38-20F5-41DF-A8A5-B0284D9B4866}.AppStore|Any CPU.ActiveCfg = Release|x86
		{88171B38-20F5-41DF-A8A5-B0284D9B4866}.AppStore|Any CPU.Build.0 = Release|x86
		{88171B38-20F5-41DF-A8A5-B0284D9B4866}.AppStore|Any CPU.Deploy.0 = Release|x86
		{88171B38-20F5-41DF-A8A5-B0284D9B4866}.AppStore|ARM.ActiveCfg = Release|ARM
		{88171B38-20F5-41DF-A8A5-B0284D9B4866}.AppStore|ARM.Build.0 = Release|ARM
		{88171B38-20F5-41DF-A8A5-B0284D9B4866}.AppStore|ARM.Deploy.0 = Release|ARM
		{88171B38-20F5-41DF-A8A5-B0284D9B4866}.AppStore|iPhone.ActiveCfg = Release|x86
		{88171B38-20F5-41DF-A8A5-B0284D9B4866}.AppStore|iPhone.Build.0 = Release|x86
		{88171B38-20F5-41DF-A8A5-B0284D9B4866}.AppStore|iPhone.Deploy.0 = Release|x86
		{88171B38-20F5-41DF-A8A5-B0284D9B4866}.AppStore|iPhoneSimulator.ActiveCfg = Release|x86
		{88171B38-20F5-41DF-A8A5-B0284D9B4866}.AppStore|iPhoneSimulator.Build.0 = Release|x86
		{88171B38-20F5-41DF-A8A5-B0284D9B4866}.AppStore|iPhoneSimulator.Deploy.0 = Release|x86
		{88171B38-20F5-41DF-A8A5-B0284D9B4866}.AppStore|x64.ActiveCfg = Release|x64
		{88171B38-20F5-41DF-A8A5-B0284D9B4866}.AppStore|x64.Build.0 = Release|x64
		{88171B38-20F5-41DF-A8A5-B0284D9B4866}.AppStore|x64.Deploy.0 = Release|x64
		{88171B38-20F5-41DF-A8A5-B0284D9B4866}.AppStore|x86.ActiveCfg = Release|x86
		{88171B38-20F5-41DF-A8A5-B0284D9B4866}.AppStore|x86.Build.0 = Release|x86
		{88171B38-20F5-41DF-A8A5-B0284D9B4866}.AppStore|x86.Deploy.0 = Release|x86
		{88171B38-20F5-41DF-A8A5-B0284D9B4866}.Debug|Any CPU.ActiveCfg = Debug|x64
		{88171B38-20F5-41DF-A8A5-B0284D9B4866}.Debug|ARM.ActiveCfg = Debug|ARM
		{88171B38-20F5-41DF-A8A5-B0284D9B4866}.Debug|ARM.Build.0 = Debug|ARM
		{88171B38-20F5-41DF-A8A5-B0284D9B4866}.Debug|ARM.Deploy.0 = Debug|ARM
		{88171B38-20F5-41DF-A8A5-B0284D9B4866}.Debug|iPhone.ActiveCfg = Debug|x86
		{88171B38-20F5-41DF-A8A5-B0284D9B4866}.Debug|iPhoneSimulator.ActiveCfg = Debug|x86
		{88171B38-20F5-41DF-A8A5-B0284D9B4866}.Debug|x64.ActiveCfg = Debug|x64
		{88171B38-20F5-41DF-A8A5-B0284D9B4866}.Debug|x64.Build.0 = Debug|x64
		{88171B38-20F5-41DF-A8A5-B0284D9B4866}.Debug|x64.Deploy.0 = Debug|x64
		{88171B38-20F5-41DF-A8A5-B0284D9B4866}.Debug|x86.ActiveCfg = Debug|x86
		{88171B38-20F5-41DF-A8A5-B0284D9B4866}.Debug|x86.Build.0 = Debug|x86
		{88171B38-20F5-41DF-A8A5-B0284D9B4866}.Debug|x86.Deploy.0 = Debug|x86
		{88171B38-20F5-41DF-A8A5-B0284D9B4866}.Release|Any CPU.ActiveCfg = Release|x86
		{88171B38-20F5-41DF-A8A5-B0284D9B4866}.Release|ARM.ActiveCfg = Release|ARM
		{88171B38-20F5-41DF-A8A5-B0284D9B4866}.Release|ARM.Build.0 = Release|ARM
		{88171B38-20F5-41DF-A8A5-B0284D9B4866}.Release|ARM.Deploy.0 = Release|ARM
		{88171B38-20F5-41DF-A8A5-B0284D9B4866}.Release|iPhone.ActiveCfg = Release|x86
		{88171B38-20F5-41DF-A8A5-B0284D9B4866}.Release|iPhoneSimulator.ActiveCfg = Release|x86
		{88171B38-20F5-41DF-A8A5-B0284D9B4866}.Release|x64.ActiveCfg = Release|x64
		{88171B38-20F5-41DF-A8A5-B0284D9B4866}.Release|x64.Build.0 = Release|x64
		{88171B38-20F5-41DF-A8A5-B0284D9B4866}.Release|x64.Deploy.0 = Release|x64
		{88171B38-20F5-41DF-A8A5-B0284D9B4866}.Release|x86.ActiveCfg = Release|x86
		{88171B38-20F5-41DF-A8A5-B0284D9B4866}.Release|x86.Build.0 = Release|x86
		{88171B38-20F5-41DF-A8A5-B0284D9B4866}.Release|x86.Deploy.0 = Release|x86
		{817AF0E7-3E24-48E3-ACB3-79FDD2F86036}.Ad-Hoc|Any CPU.ActiveCfg = Debug|Any CPU
		{817AF0E7-3E24-48E3-ACB3-79FDD2F86036}.Ad-Hoc|Any CPU.Build.0 = Debug|Any CPU
		{817AF0E7-3E24-48E3-ACB3-79FDD2F86036}.Ad-Hoc|ARM.ActiveCfg = Debug|Any CPU
		{817AF0E7-3E24-48E3-ACB3-79FDD2F86036}.Ad-Hoc|ARM.Build.0 = Debug|Any CPU
		{817AF0E7-3E24-48E3-ACB3-79FDD2F86036}.Ad-Hoc|iPhone.ActiveCfg = Debug|Any CPU
		{817AF0E7-3E24-48E3-ACB3-79FDD2F86036}.Ad-Hoc|iPhone.Build.0 = Debug|Any CPU
		{817AF0E7-3E24-48E3-ACB3-79FDD2F86036}.Ad-Hoc|iPhoneSimulator.ActiveCfg = Debug|Any CPU
		{817AF0E7-3E24-48E3-ACB3-79FDD2F86036}.Ad-Hoc|iPhoneSimulator.Build.0 = Debug|Any CPU
		{817AF0E7-3E24-48E3-ACB3-79FDD2F86036}.Ad-Hoc|x64.ActiveCfg = Debug|Any CPU
		{817AF0E7-3E24-48E3-ACB3-79FDD2F86036}.Ad-Hoc|x64.Build.0 = Debug|Any CPU
		{817AF0E7-3E24-48E3-ACB3-79FDD2F86036}.Ad-Hoc|x86.ActiveCfg = Debug|Any CPU
		{817AF0E7-3E24-48E3-ACB3-79FDD2F86036}.Ad-Hoc|x86.Build.0 = Debug|Any CPU
		{817AF0E7-3E24-48E3-ACB3-79FDD2F86036}.AppStore|Any CPU.ActiveCfg = Debug|Any CPU
		{817AF0E7-3E24-48E3-ACB3-79FDD2F86036}.AppStore|Any CPU.Build.0 = Debug|Any CPU
		{817AF0E7-3E24-48E3-ACB3-79FDD2F86036}.AppStore|ARM.ActiveCfg = Debug|Any CPU
		{817AF0E7-3E24-48E3-ACB3-79FDD2F86036}.AppStore|ARM.Build.0 = Debug|Any CPU
		{817AF0E7-3E24-48E3-ACB3-79FDD2F86036}.AppStore|iPhone.ActiveCfg = Debug|Any CPU
		{817AF0E7-3E24-48E3-ACB3-79FDD2F86036}.AppStore|iPhone.Build.0 = Debug|Any CPU
		{817AF0E7-3E24-48E3-ACB3-79FDD2F86036}.AppStore|iPhoneSimulator.ActiveCfg = Debug|Any CPU
		{817AF0E7-3E24-48E3-ACB3-79FDD2F86036}.AppStore|iPhoneSimulator.Build.0 = Debug|Any CPU
		{817AF0E7-3E24-48E3-ACB3-79FDD2F86036}.AppStore|x64.ActiveCfg = Debug|Any CPU
		{817AF0E7-3E24-48E3-ACB3-79FDD2F86036}.AppStore|x64.Build.0 = Debug|Any CPU
		{817AF0E7-3E24-48E3-ACB3-79FDD2F86036}.AppStore|x86.ActiveCfg = Debug|Any CPU
		{817AF0E7-3E24-48E3-ACB3-79FDD2F86036}.AppStore|x86.Build.0 = Debug|Any CPU
		{817AF0E7-3E24-48E3-ACB3-79FDD2F86036}.Debug|Any CPU.ActiveCfg = Debug|Any CPU
		{817AF0E7-3E24-48E3-ACB3-79FDD2F86036}.Debug|Any CPU.Build.0 = Debug|Any CPU
		{817AF0E7-3E24-48E3-ACB3-79FDD2F86036}.Debug|ARM.ActiveCfg = Debug|Any CPU
		{817AF0E7-3E24-48E3-ACB3-79FDD2F86036}.Debug|ARM.Build.0 = Debug|Any CPU
		{817AF0E7-3E24-48E3-ACB3-79FDD2F86036}.Debug|iPhone.ActiveCfg = Debug|Any CPU
		{817AF0E7-3E24-48E3-ACB3-79FDD2F86036}.Debug|iPhone.Build.0 = Debug|Any CPU
		{817AF0E7-3E24-48E3-ACB3-79FDD2F86036}.Debug|iPhoneSimulator.ActiveCfg = Debug|Any CPU
		{817AF0E7-3E24-48E3-ACB3-79FDD2F86036}.Debug|iPhoneSimulator.Build.0 = Debug|Any CPU
		{817AF0E7-3E24-48E3-ACB3-79FDD2F86036}.Debug|x64.ActiveCfg = Debug|Any CPU
		{817AF0E7-3E24-48E3-ACB3-79FDD2F86036}.Debug|x64.Build.0 = Debug|Any CPU
		{817AF0E7-3E24-48E3-ACB3-79FDD2F86036}.Debug|x86.ActiveCfg = Debug|Any CPU
		{817AF0E7-3E24-48E3-ACB3-79FDD2F86036}.Debug|x86.Build.0 = Debug|Any CPU
		{817AF0E7-3E24-48E3-ACB3-79FDD2F86036}.Release|Any CPU.ActiveCfg = Release|Any CPU
		{817AF0E7-3E24-48E3-ACB3-79FDD2F86036}.Release|Any CPU.Build.0 = Release|Any CPU
		{817AF0E7-3E24-48E3-ACB3-79FDD2F86036}.Release|ARM.ActiveCfg = Release|Any CPU
		{817AF0E7-3E24-48E3-ACB3-79FDD2F86036}.Release|ARM.Build.0 = Release|Any CPU
		{817AF0E7-3E24-48E3-ACB3-79FDD2F86036}.Release|iPhone.ActiveCfg = Release|Any CPU
		{817AF0E7-3E24-48E3-ACB3-79FDD2F86036}.Release|iPhone.Build.0 = Release|Any CPU
		{817AF0E7-3E24-48E3-ACB3-79FDD2F86036}.Release|iPhoneSimulator.ActiveCfg = Release|Any CPU
		{817AF0E7-3E24-48E3-ACB3-79FDD2F86036}.Release|iPhoneSimulator.Build.0 = Release|Any CPU
		{817AF0E7-3E24-48E3-ACB3-79FDD2F86036}.Release|x64.ActiveCfg = Release|Any CPU
		{817AF0E7-3E24-48E3-ACB3-79FDD2F86036}.Release|x64.Build.0 = Release|Any CPU
		{817AF0E7-3E24-48E3-ACB3-79FDD2F86036}.Release|x86.ActiveCfg = Release|Any CPU
		{817AF0E7-3E24-48E3-ACB3-79FDD2F86036}.Release|x86.Build.0 = Release|Any CPU
		{3CAC7C64-D370-4F58-BCBC-47BA4A0168BD}.Ad-Hoc|Any CPU.ActiveCfg = Debug|Any CPU
		{3CAC7C64-D370-4F58-BCBC-47BA4A0168BD}.Ad-Hoc|Any CPU.Build.0 = Debug|Any CPU
		{3CAC7C64-D370-4F58-BCBC-47BA4A0168BD}.Ad-Hoc|ARM.ActiveCfg = Debug|Any CPU
		{3CAC7C64-D370-4F58-BCBC-47BA4A0168BD}.Ad-Hoc|ARM.Build.0 = Debug|Any CPU
		{3CAC7C64-D370-4F58-BCBC-47BA4A0168BD}.Ad-Hoc|iPhone.ActiveCfg = Debug|Any CPU
		{3CAC7C64-D370-4F58-BCBC-47BA4A0168BD}.Ad-Hoc|iPhone.Build.0 = Debug|Any CPU
		{3CAC7C64-D370-4F58-BCBC-47BA4A0168BD}.Ad-Hoc|iPhoneSimulator.ActiveCfg = Debug|Any CPU
		{3CAC7C64-D370-4F58-BCBC-47BA4A0168BD}.Ad-Hoc|iPhoneSimulator.Build.0 = Debug|Any CPU
		{3CAC7C64-D370-4F58-BCBC-47BA4A0168BD}.Ad-Hoc|x64.ActiveCfg = Debug|Any CPU
		{3CAC7C64-D370-4F58-BCBC-47BA4A0168BD}.Ad-Hoc|x64.Build.0 = Debug|Any CPU
		{3CAC7C64-D370-4F58-BCBC-47BA4A0168BD}.Ad-Hoc|x86.ActiveCfg = Debug|Any CPU
		{3CAC7C64-D370-4F58-BCBC-47BA4A0168BD}.Ad-Hoc|x86.Build.0 = Debug|Any CPU
		{3CAC7C64-D370-4F58-BCBC-47BA4A0168BD}.AppStore|Any CPU.ActiveCfg = Debug|Any CPU
		{3CAC7C64-D370-4F58-BCBC-47BA4A0168BD}.AppStore|Any CPU.Build.0 = Debug|Any CPU
		{3CAC7C64-D370-4F58-BCBC-47BA4A0168BD}.AppStore|ARM.ActiveCfg = Debug|Any CPU
		{3CAC7C64-D370-4F58-BCBC-47BA4A0168BD}.AppStore|ARM.Build.0 = Debug|Any CPU
		{3CAC7C64-D370-4F58-BCBC-47BA4A0168BD}.AppStore|iPhone.ActiveCfg = Debug|Any CPU
		{3CAC7C64-D370-4F58-BCBC-47BA4A0168BD}.AppStore|iPhone.Build.0 = Debug|Any CPU
		{3CAC7C64-D370-4F58-BCBC-47BA4A0168BD}.AppStore|iPhoneSimulator.ActiveCfg = Debug|Any CPU
		{3CAC7C64-D370-4F58-BCBC-47BA4A0168BD}.AppStore|iPhoneSimulator.Build.0 = Debug|Any CPU
		{3CAC7C64-D370-4F58-BCBC-47BA4A0168BD}.AppStore|x64.ActiveCfg = Debug|Any CPU
		{3CAC7C64-D370-4F58-BCBC-47BA4A0168BD}.AppStore|x64.Build.0 = Debug|Any CPU
		{3CAC7C64-D370-4F58-BCBC-47BA4A0168BD}.AppStore|x86.ActiveCfg = Debug|Any CPU
		{3CAC7C64-D370-4F58-BCBC-47BA4A0168BD}.AppStore|x86.Build.0 = Debug|Any CPU
		{3CAC7C64-D370-4F58-BCBC-47BA4A0168BD}.Debug|Any CPU.ActiveCfg = Debug|Any CPU
		{3CAC7C64-D370-4F58-BCBC-47BA4A0168BD}.Debug|Any CPU.Build.0 = Debug|Any CPU
		{3CAC7C64-D370-4F58-BCBC-47BA4A0168BD}.Debug|ARM.ActiveCfg = Debug|Any CPU
		{3CAC7C64-D370-4F58-BCBC-47BA4A0168BD}.Debug|ARM.Build.0 = Debug|Any CPU
		{3CAC7C64-D370-4F58-BCBC-47BA4A0168BD}.Debug|iPhone.ActiveCfg = Debug|Any CPU
		{3CAC7C64-D370-4F58-BCBC-47BA4A0168BD}.Debug|iPhone.Build.0 = Debug|Any CPU
		{3CAC7C64-D370-4F58-BCBC-47BA4A0168BD}.Debug|iPhoneSimulator.ActiveCfg = Debug|Any CPU
		{3CAC7C64-D370-4F58-BCBC-47BA4A0168BD}.Debug|iPhoneSimulator.Build.0 = Debug|Any CPU
		{3CAC7C64-D370-4F58-BCBC-47BA4A0168BD}.Debug|x64.ActiveCfg = Debug|Any CPU
		{3CAC7C64-D370-4F58-BCBC-47BA4A0168BD}.Debug|x64.Build.0 = Debug|Any CPU
		{3CAC7C64-D370-4F58-BCBC-47BA4A0168BD}.Debug|x86.ActiveCfg = Debug|Any CPU
		{3CAC7C64-D370-4F58-BCBC-47BA4A0168BD}.Debug|x86.Build.0 = Debug|Any CPU
		{3CAC7C64-D370-4F58-BCBC-47BA4A0168BD}.Release|Any CPU.ActiveCfg = Release|Any CPU
		{3CAC7C64-D370-4F58-BCBC-47BA4A0168BD}.Release|Any CPU.Build.0 = Release|Any CPU
		{3CAC7C64-D370-4F58-BCBC-47BA4A0168BD}.Release|ARM.ActiveCfg = Release|Any CPU
		{3CAC7C64-D370-4F58-BCBC-47BA4A0168BD}.Release|ARM.Build.0 = Release|Any CPU
		{3CAC7C64-D370-4F58-BCBC-47BA4A0168BD}.Release|iPhone.ActiveCfg = Release|Any CPU
		{3CAC7C64-D370-4F58-BCBC-47BA4A0168BD}.Release|iPhone.Build.0 = Release|Any CPU
		{3CAC7C64-D370-4F58-BCBC-47BA4A0168BD}.Release|iPhoneSimulator.ActiveCfg = Release|Any CPU
		{3CAC7C64-D370-4F58-BCBC-47BA4A0168BD}.Release|iPhoneSimulator.Build.0 = Release|Any CPU
		{3CAC7C64-D370-4F58-BCBC-47BA4A0168BD}.Release|x64.ActiveCfg = Release|Any CPU
		{3CAC7C64-D370-4F58-BCBC-47BA4A0168BD}.Release|x64.Build.0 = Release|Any CPU
		{3CAC7C64-D370-4F58-BCBC-47BA4A0168BD}.Release|x86.ActiveCfg = Release|Any CPU
		{3CAC7C64-D370-4F58-BCBC-47BA4A0168BD}.Release|x86.Build.0 = Release|Any CPU
	EndGlobalSection
	GlobalSection(SolutionProperties) = preSolution
		HideSolutionNode = FALSE
	EndGlobalSection
	GlobalSection(ExtensibilityGlobals) = postSolution
		SolutionGuid = {8FC0D1B4-93C3-4E95-AB31-774C090EB2A1}
	EndGlobalSection
EndGlobal
